{
  "name": "SubnexLatest",
  "lockfileVersion": 3,
  "requires": true,
  "packages": {
    "": {
      "dependencies": {
        "@stripe/stripe-js": "^3.0.3"
      }
    },
    "node_modules/@stripe/stripe-js": {
      "version": "3.0.3",
      "resolved": "https://registry.npmjs.org/@stripe/stripe-js/-/stripe-js-3.0.3.tgz",
      "integrity": "sha512-UrHQ0hvDCZzpJEaOLbTRme1jREFzCuBe6eeHzowLtsS65Ah9pM+8bivXAyQUGHaAE2nPLu4lDvuDHPStPlrZUQ==",
      "engines": {
        "node": ">=12.16"
      }
    }
  }
}
